
Microsoft Visual Studio Solution File, Format Version 12.00
# Visual Studio Version 17
VisualStudioVersion = 17.11.35208.52
MinimumVisualStudioVersion = 10.0.40219.1
Project("{FAE04EC0-301F-11D3-BF4B-00C04F79EFBC}") = "Modulo3", "Modulo3\Modulo3.csproj", "{9838B588-16C1-4274-8490-C5862F70EA56}"
EndProject
Global
	GlobalSection(SolutionConfigurationPlatforms) = preSolution
		Debug|Any CPU = Debug|Any CPU
		Release|Any CPU = Release|Any CPU
	EndGlobalSection
	GlobalSection(ProjectConfigurationPlatforms) = postSolution
		{9838B588-16C1-4274-8490-C5862F70EA56}.Debug|Any CPU.ActiveCfg = Debug|Any CPU
		{9838B588-16C1-4274-8490-C5862F70EA56}.Debug|Any CPU.Build.0 = Debug|Any CPU
		{9838B588-16C1-4274-8490-C5862F70EA56}.Release|Any CPU.ActiveCfg = Release|Any CPU
		{9838B588-16C1-4274-8490-C5862F70EA56}.Release|Any CPU.Build.0 = Release|Any CPU
	EndGlobalSection
	GlobalSection(SolutionProperties) = preSolution
		HideSolutionNode = FALSE
	EndGlobalSection
	GlobalSection(ExtensibilityGlobals) = postSolution
		SolutionGuid = {B63D7219-4BCE-4CA4-B03F-2A5C516E70F8}
	EndGlobalSection
EndGlobal
